PODS:
  - Alamofire (4.5.0)
  - IQKeyboardManagerSwift (4.0.10)
  - Realm (3.7.4):
    - Realm/Headers (= 3.7.4)
  - Realm/Headers (3.7.4)
  - RealmSwift (3.7.4):
    - Realm (= 3.7.4)

DEPENDENCIES:
  - Alamofire (= 4.5.0)
  - IQKeyboardManagerSwift (= 4.0.10)
  - RealmSwift

SPEC CHECKSUMS:
  Alamofire: f28cdffd29de33a7bfa022cbd63ae95a27fae140
  IQKeyboardManagerSwift: 75ba21a23794a1e6b6fe6d9a267ea17f80e06771
  Realm: a469bb59e33f9926102ccaea4349822c53b9117e
  RealmSwift: a45861b21c180f5cf0f122144b9759fa8dde3e9e

PODFILE CHECKSUM: f53d3a7b9f428b91a6fd76425574b38b52af00d5

COCOAPODS: 1.3.1
